// !$*UTF8*$!
{
	archiveVersion = 1;
	classes = {
	};
	objectVersion = 46;
	objects = {

/* Begin PBXBuildFile section */
		12A15C5C6FFAC0EE6FEDAB39 /* FolderTests.swift in Sources */ = {isa = PBXBuildFile; fileRef = BF20D2E420304411F7F69F1A /* FolderTests.swift */; };
		165653C115BB7E9372E27764 /* PreferencesView.swift in Sources */ = {isa = PBXBuildFile; fileRef = E8468F50A19E62EE59299CBD /* PreferencesView.swift */; };
		205B9BC8DA7E9BCB45F2A8BA /* KeyHolder in Frameworks */ = {isa = PBXBuildFile; productRef = F0238F15524B61B3738C1E09 /* KeyHolder */; };
		25B2B611499194EF3F1FB4DC /* RealmSwift in Frameworks */ = {isa = PBXBuildFile; productRef = 3F28EAFCDBED1B63D8238354 /* RealmSwift */; };
		29CE656ED6FB6D8E6DB42969 /* BetaPreferenceView.swift in Sources */ = {isa = PBXBuildFile; fileRef = 23193E535823FF7580C30030 /* BetaPreferenceView.swift */; };
		35E0FF4778064FF381EC852A /* ScreenshotObserver.swift in Sources */ = {isa = PBXBuildFile; fileRef = F20F130D9180E58729FFDE32 /* ScreenshotObserver.swift */; };
		371B43750194D4423540105D /* HotKeyServiceTests.swift in Sources */ = {isa = PBXBuildFile; fileRef = FB16876D4CACE8FB825A2F16 /* HotKeyServiceTests.swift */; };
		4F1B1ACCC9F1FD5AF1D11DE4 /* AppState.swift in Sources */ = {isa = PBXBuildFile; fileRef = 72B5A6C325FF822A376C4043 /* AppState.swift */; };
		51E29923C733E072F3D584E3 /* ExcludeAppPreferenceView.swift in Sources */ = {isa = PBXBuildFile; fileRef = BB5F6B3B127B702A4E3F9F63 /* ExcludeAppPreferenceView.swift */; };
		58EF3D29DE57F8695727D458 /* NSColor+HexString.swift in Sources */ = {isa = PBXBuildFile; fileRef = 81CCCB1216D45C8154A34671 /* NSColor+HexString.swift */; };
		6B58496FB362A37728B27316 /* MenuPreferenceView.swift in Sources */ = {isa = PBXBuildFile; fileRef = BD2598F64B25BB407A569C1D /* MenuPreferenceView.swift */; };
		6C12D6580AE73A270AC97992 /* ShortcutsPreferenceView.swift in Sources */ = {isa = PBXBuildFile; fileRef = 4D1547040F07200EB52419A3 /* ShortcutsPreferenceView.swift */; };
		726D9BD76068630110B3CAAC /* ClipItem.swift in Sources */ = {isa = PBXBuildFile; fileRef = 2C20F05E40BF5236C6921C69 /* ClipItem.swift */; };
		8CAEAC8B70421C3B51E70CFF /* FolderItem.swift in Sources */ = {isa = PBXBuildFile; fileRef = 3B248ABF1B0630C73C985042 /* FolderItem.swift */; };
		98E55F41C5EEFE93EB3FE92D /* ImageCache.swift in Sources */ = {isa = PBXBuildFile; fileRef = 98E900B0D613C02968713F2D /* ImageCache.swift */; };
		9A099B9BCB5F7B5C8F56FA1B /* PreferencesWindowController.swift in Sources */ = {isa = PBXBuildFile; fileRef = C87424FC3042ADB4A7233FAF /* PreferencesWindowController.swift */; };
		9A60AFB5D86E9C908489A4EB /* PersistenceController.swift in Sources */ = {isa = PBXBuildFile; fileRef = 0F3FF6405E69E3B05D2C02A6 /* PersistenceController.swift */; };
		9DC375348097094289E87962 /* Sparkle in Frameworks */ = {isa = PBXBuildFile; productRef = 4F79CAAEDF0F9992E55DFDF4 /* Sparkle */; };
		A13DC681919151492A3687FF /* SnippetTests.swift in Sources */ = {isa = PBXBuildFile; fileRef = B96EF8DB8AA8FB8AC5BF5AAF /* SnippetTests.swift */; };
		A2A29F1B53619D4F98FDC0E0 /* DraggedDataTests.swift in Sources */ = {isa = PBXBuildFile; fileRef = 02BD19F9E0C7655744BD960C /* DraggedDataTests.swift */; };
		A59ED4F9C0390AAAFB08654E /* UpdatesPreferenceView.swift in Sources */ = {isa = PBXBuildFile; fileRef = C803F6F89FC5610CC7E95076 /* UpdatesPreferenceView.swift */; };
		B0C2FB27844F4011CB6B9F25 /* GeneralPreferenceView.swift in Sources */ = {isa = PBXBuildFile; fileRef = 14A55BD8E2F5E8D57F22D112 /* GeneralPreferenceView.swift */; };
		B81BFB24042080C76E5A013C /* SnippetItem.swift in Sources */ = {isa = PBXBuildFile; fileRef = CDB372BDEB31201AFFFDECD9 /* SnippetItem.swift */; };
		BF9320336BB47A86A5B6BED8 /* MoveToApplications.swift in Sources */ = {isa = PBXBuildFile; fileRef = DAFC0C8D6B406ACC2E87B61A /* MoveToApplications.swift */; };
		C5F1B7331FF74A2D00D2DA83 /* NSPasteboard+Deprecated.swift in Sources */ = {isa = PBXBuildFile; fileRef = C5F1B7321FF74A2D00D2DA83 /* NSPasteboard+Deprecated.swift */; };
		CA4A5B0573D0FD0E55E4B7E7 /* RealmMigrator.swift in Sources */ = {isa = PBXBuildFile; fileRef = 81CFD551527A8943B32A29E1 /* RealmMigrator.swift */; };
		D17D1B9773BD1B1ADBFF12E7 /* Sauce in Frameworks */ = {isa = PBXBuildFile; productRef = 0501CADD5B8A341F0805F64F /* Sauce */; };
		D94F46C02F4A0D674FB8BAC8 /* Magnet in Frameworks */ = {isa = PBXBuildFile; productRef = E1FDAE870E97789568CA7F52 /* Magnet */; };
		F3A278B3D275C3EC0F91AAE1 /* TypePreferenceView.swift in Sources */ = {isa = PBXBuildFile; fileRef = F201DDDFCC459128CCAA76A4 /* TypePreferenceView.swift */; };
		FA0D5CE81DDCC61600AC9052 /* ClipService.swift in Sources */ = {isa = PBXBuildFile; fileRef = FA0D5CE71DDCC61600AC9052 /* ClipService.swift */; };
		FA10897D20EC22E200A3FEFC /* AssetsImages.swift in Sources */ = {isa = PBXBuildFile; fileRef = FA10897B20EC22E200A3FEFC /* AssetsImages.swift */; };
		FA10897E20EC22E200A3FEFC /* LocalizedStrings.swift in Sources */ = {isa = PBXBuildFile; fileRef = FA10897C20EC22E200A3FEFC /* LocalizedStrings.swift */; };
		FA10898320EC2AFB00A3FEFC /* Colors.swift in Sources */ = {isa = PBXBuildFile; fileRef = FA10898220EC2AFB00A3FEFC /* Colors.swift */; };
		FA1189331E4CD58C00244F12 /* ExcludeAppService.swift in Sources */ = {isa = PBXBuildFile; fileRef = FA1189321E4CD58C00244F12 /* ExcludeAppService.swift */; };
		FA1DB4901DDCA5D9007F95C8 /* Images.xcassets in Resources */ = {isa = PBXBuildFile; fileRef = FA1DB48F1DDCA5D9007F95C8 /* Images.xcassets */; };
		FA1DB4941DDCB22C007F95C8 /* dsa_pub.pem in Resources */ = {isa = PBXBuildFile; fileRef = FA1DB4921DDCB22C007F95C8 /* dsa_pub.pem */; };
		FA1DB4981DDCB2CB007F95C8 /* Localizable.strings in Resources */ = {isa = PBXBuildFile; fileRef = FA1DB4961DDCB2CB007F95C8 /* Localizable.strings */; };
		FA1DB49F1DDCB417007F95C8 /* MainMenu.xib in Resources */ = {isa = PBXBuildFile; fileRef = FA1DB49E1DDCB417007F95C8 /* MainMenu.xib */; };
		FA1DB4A21DDCB433007F95C8 /* AppDelegate.swift in Sources */ = {isa = PBXBuildFile; fileRef = FA1DB4A01DDCB433007F95C8 /* AppDelegate.swift */; };
		FA1DB4A31DDCB433007F95C8 /* Constants.swift in Sources */ = {isa = PBXBuildFile; fileRef = FA1DB4A11DDCB433007F95C8 /* Constants.swift */; };
		FA1DB4A61DDCB443007F95C8 /* MenuType.swift in Sources */ = {isa = PBXBuildFile; fileRef = FA1DB4A51DDCB443007F95C8 /* MenuType.swift */; };
		FA1DB4B31DDCB452007F95C8 /* Array+Remove.swift in Sources */ = {isa = PBXBuildFile; fileRef = FA1DB4A81DDCB452007F95C8 /* Array+Remove.swift */; };
		FA1DB4B41DDCB452007F95C8 /* NSBundle+Version.swift in Sources */ = {isa = PBXBuildFile; fileRef = FA1DB4A91DDCB452007F95C8 /* NSBundle+Version.swift */; };
		FA1DB4B71DDCB452007F95C8 /* NSImage+Resize.swift in Sources */ = {isa = PBXBuildFile; fileRef = FA1DB4AC1DDCB452007F95C8 /* NSImage+Resize.swift */; };
		FA1DB4B81DDCB452007F95C8 /* NSLock+Clipy.swift in Sources */ = {isa = PBXBuildFile; fileRef = FA1DB4AD1DDCB452007F95C8 /* NSLock+Clipy.swift */; };
		FA1DB4B91DDCB452007F95C8 /* NSMenuItem+Initialize.swift in Sources */ = {isa = PBXBuildFile; fileRef = FA1DB4AE1DDCB452007F95C8 /* NSMenuItem+Initialize.swift */; };
		FA1DB4BA1DDCB452007F95C8 /* NSUserDefaults+ArchiveData.swift in Sources */ = {isa = PBXBuildFile; fileRef = FA1DB4AF1DDCB452007F95C8 /* NSUserDefaults+ArchiveData.swift */; };
		FA1DB4BD1DDCB452007F95C8 /* String+Substring.swift in Sources */ = {isa = PBXBuildFile; fileRef = FA1DB4B21DDCB452007F95C8 /* String+Substring.swift */; };
		FA1DB4C91DDCB460007F95C8 /* MenuManager.swift in Sources */ = {isa = PBXBuildFile; fileRef = FA1DB4C31DDCB460007F95C8 /* MenuManager.swift */; };
		FA1DB4D21DDCB479007F95C8 /* CPYAppInfo.swift in Sources */ = {isa = PBXBuildFile; fileRef = FA1DB4CC1DDCB479007F95C8 /* CPYAppInfo.swift */; };
		FA1DB4D41DDCB479007F95C8 /* CPYClipData.swift in Sources */ = {isa = PBXBuildFile; fileRef = FA1DB4CE1DDCB479007F95C8 /* CPYClipData.swift */; };
		FA1DB4D51DDCB479007F95C8 /* CPYDraggedData.swift in Sources */ = {isa = PBXBuildFile; fileRef = FA1DB4CF1DDCB479007F95C8 /* CPYDraggedData.swift */; };
		FA1DB4E51DDCB49C007F95C8 /* CPYUtilities.swift in Sources */ = {isa = PBXBuildFile; fileRef = FA1DB4D91DDCB49C007F95C8 /* CPYUtilities.swift */; };
		FA1DB4E91DDCB49C007F95C8 /* CPYSplitView.swift in Sources */ = {isa = PBXBuildFile; fileRef = FA1DB4E01DDCB49C007F95C8 /* CPYSplitView.swift */; };
		FA1DB4EA1DDCB49C007F95C8 /* CPYSnippetsEditorCell.swift in Sources */ = {isa = PBXBuildFile; fileRef = FA1DB4E21DDCB49C007F95C8 /* CPYSnippetsEditorCell.swift */; };
		FA1DB4EB1DDCB49C007F95C8 /* CPYPlaceHolderTextView.swift in Sources */ = {isa = PBXBuildFile; fileRef = FA1DB4E41DDCB49C007F95C8 /* CPYPlaceHolderTextView.swift */; };
		FA1DB5201DDCB4C0007F95C8 /* CPYSnippetsEditorWindowController.swift in Sources */ = {isa = PBXBuildFile; fileRef = FA1DB50D1DDCB4C0007F95C8 /* CPYSnippetsEditorWindowController.swift */; };
		FA1DB5221DDCB4C0007F95C8 /* CPYSnippetsEditorWindowController.xib in Resources */ = {isa = PBXBuildFile; fileRef = FA1DB50F1DDCB4C0007F95C8 /* CPYSnippetsEditorWindowController.xib */; };
		FA431F021E6718CE00ACFF56 /* Collection+Safe.swift in Sources */ = {isa = PBXBuildFile; fileRef = FA431F011E6718CE00ACFF56 /* Collection+Safe.swift */; };
		FA6DD5141C7DEDB600317E73 /* BuildFile in Resources */ = {isa = PBXBuildFile; };
		FA6DD5151C7DEDB600317E73 /* BuildFile in Resources */ = {isa = PBXBuildFile; };
		FAA4BCCC2163DC9100FF5D18 /* AccessibilityService.swift in Sources */ = {isa = PBXBuildFile; fileRef = FAA4BCCB2163DC9100FF5D18 /* AccessibilityService.swift */; };
		FAC0DCE91DE15FD900309C49 /* DataCleanService.swift in Sources */ = {isa = PBXBuildFile; fileRef = FAC0DCE81DE15FD900309C49 /* DataCleanService.swift */; };
		FAC0DCEF1DE3255E00309C49 /* NSImage+NSColor.swift in Sources */ = {isa = PBXBuildFile; fileRef = FAC0DCEE1DE3255E00309C49 /* NSImage+NSColor.swift */; };
		FAC0DCF11DE576F300309C49 /* PasteService.swift in Sources */ = {isa = PBXBuildFile; fileRef = FAC0DCF01DE576F300309C49 /* PasteService.swift */; };
		FAE911B91DE045E2008A4BEC /* HotKeyService.swift in Sources */ = {isa = PBXBuildFile; fileRef = FAE911B81DE045E2008A4BEC /* HotKeyService.swift */; };
		FAE911BB1DE054F1008A4BEC /* NSCoding+Archive.swift in Sources */ = {isa = PBXBuildFile; fileRef = FAE911BA1DE054F1008A4BEC /* NSCoding+Archive.swift */; };
/* End PBXBuildFile section */

/* Begin PBXContainerItemProxy section */
		FAC43DD91B35D8B100C06102 /* PBXContainerItemProxy */ = {
			isa = PBXContainerItemProxy;
			containerPortal = FAC43DBE1B35D8B100C06102 /* Project object */;
			proxyType = 1;
			remoteGlobalIDString = FAC43DC51B35D8B100C06102;
			remoteInfo = Clipy;
		};
/* End PBXContainerItemProxy section */

/* Begin PBXCopyFilesBuildPhase section */
		FAC43E1D1B35DF4A00C06102 /* Embed Frameworks */ = {
			isa = PBXCopyFilesBuildPhase;
			buildActionMask = 2147483647;
			dstPath = "";
			dstSubfolderSpec = 10;
			files = (
			);
			name = "Embed Frameworks";
			runOnlyForDeploymentPostprocessing = 0;
		};
/* End PBXCopyFilesBuildPhase section */

/* Begin PBXFileReference section */
		02BD19F9E0C7655744BD960C /* DraggedDataTests.swift */ = {isa = PBXFileReference; includeInIndex = 1; lastKnownFileType = sourcecode.swift; path = DraggedDataTests.swift; sourceTree = "<group>"; };
		0F3FF6405E69E3B05D2C02A6 /* PersistenceController.swift */ = {isa = PBXFileReference; includeInIndex = 1; lastKnownFileType = sourcecode.swift; path = PersistenceController.swift; sourceTree = "<group>"; };
		14A55BD8E2F5E8D57F22D112 /* GeneralPreferenceView.swift */ = {isa = PBXFileReference; includeInIndex = 1; lastKnownFileType = sourcecode.swift; path = GeneralPreferenceView.swift; sourceTree = "<group>"; };
		23193E535823FF7580C30030 /* BetaPreferenceView.swift */ = {isa = PBXFileReference; includeInIndex = 1; lastKnownFileType = sourcecode.swift; path = BetaPreferenceView.swift; sourceTree = "<group>"; };
		2C20F05E40BF5236C6921C69 /* ClipItem.swift */ = {isa = PBXFileReference; includeInIndex = 1; lastKnownFileType = sourcecode.swift; path = ClipItem.swift; sourceTree = "<group>"; };
		314B299D1EC49AD5004DD070 /* Base */ = {isa = PBXFileReference; lastKnownFileType = file.xib; name = Base; path = Base.lproj/CPYSnippetsEditorWindowController.xib; sourceTree = "<group>"; };
		314B299E1EC49AEF004DD070 /* ja */ = {isa = PBXFileReference; lastKnownFileType = text.plist.strings; name = ja; path = ja.lproj/CPYSnippetsEditorWindowController.strings; sourceTree = "<group>"; };
		31ACA9F81EC5B85C00BD34C0 /* it */ = {isa = PBXFileReference; lastKnownFileType = text.plist.strings; name = it; path = it.lproj/CPYSnippetsEditorWindowController.strings; sourceTree = "<group>"; };
		31ACA9F91EC5B85C00BD34C0 /* it */ = {isa = PBXFileReference; lastKnownFileType = text.plist.strings; name = it; path = it.lproj/Localizable.strings; sourceTree = "<group>"; };
		3B248ABF1B0630C73C985042 /* FolderItem.swift */ = {isa = PBXFileReference; includeInIndex = 1; lastKnownFileType = sourcecode.swift; path = FolderItem.swift; sourceTree = "<group>"; };
		4D1547040F07200EB52419A3 /* ShortcutsPreferenceView.swift */ = {isa = PBXFileReference; includeInIndex = 1; lastKnownFileType = sourcecode.swift; path = ShortcutsPreferenceView.swift; sourceTree = "<group>"; };
		54ADE1022008F64100239852 /* zh-Hans */ = {isa = PBXFileReference; lastKnownFileType = text.plist.strings; name = "zh-Hans"; path = "zh-Hans.lproj/CPYSnippetsEditorWindowController.strings"; sourceTree = "<group>"; };
		54ADE1032008F64100239852 /* zh-Hans */ = {isa = PBXFileReference; lastKnownFileType = text.plist.strings; name = "zh-Hans"; path = "zh-Hans.lproj/Localizable.strings"; sourceTree = "<group>"; };
		72B5A6C325FF822A376C4043 /* AppState.swift */ = {isa = PBXFileReference; includeInIndex = 1; lastKnownFileType = sourcecode.swift; path = AppState.swift; sourceTree = "<group>"; };
		81CCCB1216D45C8154A34671 /* NSColor+HexString.swift */ = {isa = PBXFileReference; includeInIndex = 1; lastKnownFileType = sourcecode.swift; path = "NSColor+HexString.swift"; sourceTree = "<group>"; };
		81CFD551527A8943B32A29E1 /* RealmMigrator.swift */ = {isa = PBXFileReference; includeInIndex = 1; lastKnownFileType = sourcecode.swift; path = RealmMigrator.swift; sourceTree = "<group>"; };
		8460049E1FD5511A00BA733E /* de */ = {isa = PBXFileReference; lastKnownFileType = text.plist.strings; name = de; path = de.lproj/CPYSnippetsEditorWindowController.strings; sourceTree = "<group>"; };
		8460049F1FD5511A00BA733E /* de */ = {isa = PBXFileReference; lastKnownFileType = text.plist.strings; name = de; path = de.lproj/Localizable.strings; sourceTree = "<group>"; };
		98E900B0D613C02968713F2D /* ImageCache.swift */ = {isa = PBXFileReference; includeInIndex = 1; lastKnownFileType = sourcecode.swift; path = ImageCache.swift; sourceTree = "<group>"; };
		B96EF8DB8AA8FB8AC5BF5AAF /* SnippetTests.swift */ = {isa = PBXFileReference; includeInIndex = 1; lastKnownFileType = sourcecode.swift; path = SnippetTests.swift; sourceTree = "<group>"; };
		BB5F6B3B127B702A4E3F9F63 /* ExcludeAppPreferenceView.swift */ = {isa = PBXFileReference; includeInIndex = 1; lastKnownFileType = sourcecode.swift; path = ExcludeAppPreferenceView.swift; sourceTree = "<group>"; };
		BD2598F64B25BB407A569C1D /* MenuPreferenceView.swift */ = {isa = PBXFileReference; includeInIndex = 1; lastKnownFileType = sourcecode.swift; path = MenuPreferenceView.swift; sourceTree = "<group>"; };
		BF20D2E420304411F7F69F1A /* FolderTests.swift */ = {isa = PBXFileReference; includeInIndex = 1; lastKnownFileType = sourcecode.swift; path = FolderTests.swift; sourceTree = "<group>"; };
		C5F1B7321FF74A2D00D2DA83 /* NSPasteboard+Deprecated.swift */ = {isa = PBXFileReference; lastKnownFileType = sourcecode.swift; path = "NSPasteboard+Deprecated.swift"; sourceTree = "<group>"; };
		C803F6F89FC5610CC7E95076 /* UpdatesPreferenceView.swift */ = {isa = PBXFileReference; includeInIndex = 1; lastKnownFileType = sourcecode.swift; path = UpdatesPreferenceView.swift; sourceTree = "<group>"; };
		C87424FC3042ADB4A7233FAF /* PreferencesWindowController.swift */ = {isa = PBXFileReference; includeInIndex = 1; lastKnownFileType = sourcecode.swift; path = PreferencesWindowController.swift; sourceTree = "<group>"; };
		CDB372BDEB31201AFFFDECD9 /* SnippetItem.swift */ = {isa = PBXFileReference; includeInIndex = 1; lastKnownFileType = sourcecode.swift; path = SnippetItem.swift; sourceTree = "<group>"; };
		DAFC0C8D6B406ACC2E87B61A /* MoveToApplications.swift */ = {isa = PBXFileReference; includeInIndex = 1; lastKnownFileType = sourcecode.swift; path = MoveToApplications.swift; sourceTree = "<group>"; };
		E8468F50A19E62EE59299CBD /* PreferencesView.swift */ = {isa = PBXFileReference; includeInIndex = 1; lastKnownFileType = sourcecode.swift; path = PreferencesView.swift; sourceTree = "<group>"; };
		F201DDDFCC459128CCAA76A4 /* TypePreferenceView.swift */ = {isa = PBXFileReference; includeInIndex = 1; lastKnownFileType = sourcecode.swift; path = TypePreferenceView.swift; sourceTree = "<group>"; };
		F20F130D9180E58729FFDE32 /* ScreenshotObserver.swift */ = {isa = PBXFileReference; includeInIndex = 1; lastKnownFileType = sourcecode.swift; path = ScreenshotObserver.swift; sourceTree = "<group>"; };
		FA0D5CE71DDCC61600AC9052 /* ClipService.swift */ = {isa = PBXFileReference; fileEncoding = 4; lastKnownFileType = sourcecode.swift; path = ClipService.swift; sourceTree = "<group>"; };
		FA10897B20EC22E200A3FEFC /* AssetsImages.swift */ = {isa = PBXFileReference; fileEncoding = 4; lastKnownFileType = sourcecode.swift; path = AssetsImages.swift; sourceTree = "<group>"; };
		FA10897C20EC22E200A3FEFC /* LocalizedStrings.swift */ = {isa = PBXFileReference; fileEncoding = 4; lastKnownFileType = sourcecode.swift; path = LocalizedStrings.swift; sourceTree = "<group>"; };
		FA10898020EC297000A3FEFC /* colors.txt */ = {isa = PBXFileReference; lastKnownFileType = text; path = colors.txt; sourceTree = "<group>"; };
		FA10898220EC2AFB00A3FEFC /* Colors.swift */ = {isa = PBXFileReference; fileEncoding = 4; lastKnownFileType = sourcecode.swift; path = Colors.swift; sourceTree = "<group>"; };
		FA1189321E4CD58C00244F12 /* ExcludeAppService.swift */ = {isa = PBXFileReference; fileEncoding = 4; lastKnownFileType = sourcecode.swift; path = ExcludeAppService.swift; sourceTree = "<group>"; };
		FA1DB48F1DDCA5D9007F95C8 /* Images.xcassets */ = {isa = PBXFileReference; lastKnownFileType = folder.assetcatalog; path = Images.xcassets; sourceTree = "<group>"; };
		FA1DB4921DDCB22C007F95C8 /* dsa_pub.pem */ = {isa = PBXFileReference; fileEncoding = 4; lastKnownFileType = text; path = dsa_pub.pem; sourceTree = "<group>"; };
		FA1DB4931DDCB22C007F95C8 /* Info.plist */ = {isa = PBXFileReference; fileEncoding = 4; lastKnownFileType = text.plist.xml; path = Info.plist; sourceTree = "<group>"; };
		FA1DB4971DDCB2CB007F95C8 /* en */ = {isa = PBXFileReference; lastKnownFileType = text.plist.strings; name = en; path = en.lproj/Localizable.strings; sourceTree = "<group>"; };
		FA1DB4991DDCB2D0007F95C8 /* ja */ = {isa = PBXFileReference; lastKnownFileType = text.plist.strings; name = ja; path = ja.lproj/Localizable.strings; sourceTree = "<group>"; };
		FA1DB49E1DDCB417007F95C8 /* MainMenu.xib */ = {isa = PBXFileReference; fileEncoding = 4; lastKnownFileType = file.xib; path = MainMenu.xib; sourceTree = "<group>"; };
		FA1DB4A01DDCB433007F95C8 /* AppDelegate.swift */ = {isa = PBXFileReference; fileEncoding = 4; lastKnownFileType = sourcecode.swift; path = AppDelegate.swift; sourceTree = "<group>"; };
		FA1DB4A11DDCB433007F95C8 /* Constants.swift */ = {isa = PBXFileReference; fileEncoding = 4; lastKnownFileType = sourcecode.swift; path = Constants.swift; sourceTree = "<group>"; };
		FA1DB4A51DDCB443007F95C8 /* MenuType.swift */ = {isa = PBXFileReference; fileEncoding = 4; lastKnownFileType = sourcecode.swift; path = MenuType.swift; sourceTree = "<group>"; };
		FA1DB4A81DDCB452007F95C8 /* Array+Remove.swift */ = {isa = PBXFileReference; fileEncoding = 4; lastKnownFileType = sourcecode.swift; path = "Array+Remove.swift"; sourceTree = "<group>"; };
		FA1DB4A91DDCB452007F95C8 /* NSBundle+Version.swift */ = {isa = PBXFileReference; fileEncoding = 4; lastKnownFileType = sourcecode.swift; path = "NSBundle+Version.swift"; sourceTree = "<group>"; };
		FA1DB4AC1DDCB452007F95C8 /* NSImage+Resize.swift */ = {isa = PBXFileReference; fileEncoding = 4; lastKnownFileType = sourcecode.swift; path = "NSImage+Resize.swift"; sourceTree = "<group>"; };
		FA1DB4AD1DDCB452007F95C8 /* NSLock+Clipy.swift */ = {isa = PBXFileReference; fileEncoding = 4; lastKnownFileType = sourcecode.swift; path = "NSLock+Clipy.swift"; sourceTree = "<group>"; };
		FA1DB4AE1DDCB452007F95C8 /* NSMenuItem+Initialize.swift */ = {isa = PBXFileReference; fileEncoding = 4; lastKnownFileType = sourcecode.swift; path = "NSMenuItem+Initialize.swift"; sourceTree = "<group>"; };
		FA1DB4AF1DDCB452007F95C8 /* NSUserDefaults+ArchiveData.swift */ = {isa = PBXFileReference; fileEncoding = 4; lastKnownFileType = sourcecode.swift; path = "NSUserDefaults+ArchiveData.swift"; sourceTree = "<group>"; };
		FA1DB4B21DDCB452007F95C8 /* String+Substring.swift */ = {isa = PBXFileReference; fileEncoding = 4; lastKnownFileType = sourcecode.swift; path = "String+Substring.swift"; sourceTree = "<group>"; };
		FA1DB4C31DDCB460007F95C8 /* MenuManager.swift */ = {isa = PBXFileReference; fileEncoding = 4; lastKnownFileType = sourcecode.swift; path = MenuManager.swift; sourceTree = "<group>"; };
		FA1DB4CC1DDCB479007F95C8 /* CPYAppInfo.swift */ = {isa = PBXFileReference; fileEncoding = 4; lastKnownFileType = sourcecode.swift; path = CPYAppInfo.swift; sourceTree = "<group>"; };
		FA1DB4CE1DDCB479007F95C8 /* CPYClipData.swift */ = {isa = PBXFileReference; fileEncoding = 4; lastKnownFileType = sourcecode.swift; path = CPYClipData.swift; sourceTree = "<group>"; };
		FA1DB4CF1DDCB479007F95C8 /* CPYDraggedData.swift */ = {isa = PBXFileReference; fileEncoding = 4; lastKnownFileType = sourcecode.swift; path = CPYDraggedData.swift; sourceTree = "<group>"; };
		FA1DB4D91DDCB49C007F95C8 /* CPYUtilities.swift */ = {isa = PBXFileReference; fileEncoding = 4; lastKnownFileType = sourcecode.swift; path = CPYUtilities.swift; sourceTree = "<group>"; };
		FA1DB4E01DDCB49C007F95C8 /* CPYSplitView.swift */ = {isa = PBXFileReference; fileEncoding = 4; lastKnownFileType = sourcecode.swift; path = CPYSplitView.swift; sourceTree = "<group>"; };
		FA1DB4E21DDCB49C007F95C8 /* CPYSnippetsEditorCell.swift */ = {isa = PBXFileReference; fileEncoding = 4; lastKnownFileType = sourcecode.swift; path = CPYSnippetsEditorCell.swift; sourceTree = "<group>"; };
		FA1DB4E41DDCB49C007F95C8 /* CPYPlaceHolderTextView.swift */ = {isa = PBXFileReference; fileEncoding = 4; lastKnownFileType = sourcecode.swift; path = CPYPlaceHolderTextView.swift; sourceTree = "<group>"; };
		FA1DB50D1DDCB4C0007F95C8 /* CPYSnippetsEditorWindowController.swift */ = {isa = PBXFileReference; fileEncoding = 4; lastKnownFileType = sourcecode.swift; path = CPYSnippetsEditorWindowController.swift; sourceTree = "<group>"; };
		FA431F011E6718CE00ACFF56 /* Collection+Safe.swift */ = {isa = PBXFileReference; fileEncoding = 4; lastKnownFileType = sourcecode.swift; path = "Collection+Safe.swift"; sourceTree = "<group>"; };
		FAA4BCCB2163DC9100FF5D18 /* AccessibilityService.swift */ = {isa = PBXFileReference; lastKnownFileType = sourcecode.swift; path = AccessibilityService.swift; sourceTree = "<group>"; };
		FAC0DCE81DE15FD900309C49 /* DataCleanService.swift */ = {isa = PBXFileReference; fileEncoding = 4; lastKnownFileType = sourcecode.swift; path = DataCleanService.swift; sourceTree = "<group>"; };
		FAC0DCEE1DE3255E00309C49 /* NSImage+NSColor.swift */ = {isa = PBXFileReference; fileEncoding = 4; lastKnownFileType = sourcecode.swift; path = "NSImage+NSColor.swift"; sourceTree = "<group>"; };
		FAC0DCF01DE576F300309C49 /* PasteService.swift */ = {isa = PBXFileReference; fileEncoding = 4; lastKnownFileType = sourcecode.swift; path = PasteService.swift; sourceTree = "<group>"; };
		FAC43DC61B35D8B100C06102 /* Clipy.app */ = {isa = PBXFileReference; explicitFileType = wrapper.application; includeInIndex = 0; path = Clipy.app; sourceTree = BUILT_PRODUCTS_DIR; };
		FAC43DD81B35D8B100C06102 /* ClipyTests.xctest */ = {isa = PBXFileReference; explicitFileType = wrapper.cfbundle; includeInIndex = 0; path = ClipyTests.xctest; sourceTree = BUILT_PRODUCTS_DIR; };
		FAC43DDD1B35D8B100C06102 /* Info.plist */ = {isa = PBXFileReference; lastKnownFileType = text.plist.xml; path = Info.plist; sourceTree = "<group>"; };
		FAE911B81DE045E2008A4BEC /* HotKeyService.swift */ = {isa = PBXFileReference; fileEncoding = 4; lastKnownFileType = sourcecode.swift; path = HotKeyService.swift; sourceTree = "<group>"; };
		FAE911BA1DE054F1008A4BEC /* NSCoding+Archive.swift */ = {isa = PBXFileReference; fileEncoding = 4; lastKnownFileType = sourcecode.swift; path = "NSCoding+Archive.swift"; sourceTree = "<group>"; };
		FB16876D4CACE8FB825A2F16 /* HotKeyServiceTests.swift */ = {isa = PBXFileReference; includeInIndex = 1; lastKnownFileType = sourcecode.swift; path = HotKeyServiceTests.swift; sourceTree = "<group>"; };
/* End PBXFileReference section */

/* Begin PBXFrameworksBuildPhase section */
		FAC43DC31B35D8B100C06102 /* Frameworks */ = {
			isa = PBXFrameworksBuildPhase;
			buildActionMask = 2147483647;
			files = (
				9DC375348097094289E87962 /* Sparkle in Frameworks */,
				D94F46C02F4A0D674FB8BAC8 /* Magnet in Frameworks */,
				205B9BC8DA7E9BCB45F2A8BA /* KeyHolder in Frameworks */,
				D17D1B9773BD1B1ADBFF12E7 /* Sauce in Frameworks */,
				25B2B611499194EF3F1FB4DC /* RealmSwift in Frameworks */,
			);
			runOnlyForDeploymentPostprocessing = 0;
		};
		FAC43DD51B35D8B100C06102 /* Frameworks */ = {
			isa = PBXFrameworksBuildPhase;
			buildActionMask = 2147483647;
			files = (
			);
			runOnlyForDeploymentPostprocessing = 0;
		};
/* End PBXFrameworksBuildPhase section */

/* Begin PBXGroup section */
		7F2AF50F39EF5A0F5350BB4E /* Persistence */ = {
			isa = PBXGroup;
			children = (
				0F3FF6405E69E3B05D2C02A6 /* PersistenceController.swift */,
				81CFD551527A8943B32A29E1 /* RealmMigrator.swift */,
			);
			name = Persistence;
			path = Persistence;
			sourceTree = "<group>";
		};
		AA87DB2AB3CE24EA8CE53BA3 /* SwiftUI */ = {
			isa = PBXGroup;
			children = (
				E8468F50A19E62EE59299CBD /* PreferencesView.swift */,
				C87424FC3042ADB4A7233FAF /* PreferencesWindowController.swift */,
				14A55BD8E2F5E8D57F22D112 /* GeneralPreferenceView.swift */,
				BD2598F64B25BB407A569C1D /* MenuPreferenceView.swift */,
				4D1547040F07200EB52419A3 /* ShortcutsPreferenceView.swift */,
				F201DDDFCC459128CCAA76A4 /* TypePreferenceView.swift */,
				BB5F6B3B127B702A4E3F9F63 /* ExcludeAppPreferenceView.swift */,
				C803F6F89FC5610CC7E95076 /* UpdatesPreferenceView.swift */,
				23193E535823FF7580C30030 /* BetaPreferenceView.swift */,
			);
			name = SwiftUI;
			path = SwiftUI;
			sourceTree = "<group>";
		};
		FA06D2D21DD882BD002FB7C2 /* Resources */ = {
			isa = PBXGroup;
			children = (
				FA1DB4961DDCB2CB007F95C8 /* Localizable.strings */,
				FA1DB48F1DDCA5D9007F95C8 /* Images.xcassets */,
				FA10898020EC297000A3FEFC /* colors.txt */,
			);
			path = Resources;
			sourceTree = "<group>";
		};
		FA0D5CE61DDCC5D000AC9052 /* Services */ = {
			isa = PBXGroup;
			children = (
				FA0D5CE71DDCC61600AC9052 /* ClipService.swift */,
				FAE911B81DE045E2008A4BEC /* HotKeyService.swift */,
				FAC0DCE81DE15FD900309C49 /* DataCleanService.swift */,
				FAC0DCF01DE576F300309C49 /* PasteService.swift */,
				FA1189321E4CD58C00244F12 /* ExcludeAppService.swift */,
				FAA4BCCB2163DC9100FF5D18 /* AccessibilityService.swift */,
				F20F130D9180E58729FFDE32 /* ScreenshotObserver.swift */,
			);
			path = Services;
			sourceTree = "<group>";
		};
		FA10897A20EC229300A3FEFC /* Generated */ = {
			isa = PBXGroup;
			children = (
				FA10897B20EC22E200A3FEFC /* AssetsImages.swift */,
				FA10897C20EC22E200A3FEFC /* LocalizedStrings.swift */,
				FA10898220EC2AFB00A3FEFC /* Colors.swift */,
			);
			path = Generated;
			sourceTree = "<group>";
		};
		FA1DB4911DDCB205007F95C8 /* Supporting Files */ = {
			isa = PBXGroup;
			children = (
				FA1DB4921DDCB22C007F95C8 /* dsa_pub.pem */,
				FA1DB4931DDCB22C007F95C8 /* Info.plist */,
			);
			path = "Supporting Files";
			sourceTree = "<group>";
		};
		FA1DB49C1DDCB3FB007F95C8 /* Sources */ = {
			isa = PBXGroup;
			children = (
				FA0D5CE61DDCC5D000AC9052 /* Services */,
				FA1DB4EC1DDCB4C0007F95C8 /* Preferences */,
				FA1DB50C1DDCB4C0007F95C8 /* Snippets */,
				FA1DB4A41DDCB443007F95C8 /* Enums */,
				FA1DB4D81DDCB49C007F95C8 /* Utility */,
				FA1DB4DB1DDCB49C007F95C8 /* Views */,
				FA1DB4CB1DDCB479007F95C8 /* Models */,
				FA1DB4BE1DDCB460007F95C8 /* Managers */,
				FA1DB4A71DDCB452007F95C8 /* Extensions */,
				FA1DB4A01DDCB433007F95C8 /* AppDelegate.swift */,
				FA1DB4A11DDCB433007F95C8 /* Constants.swift */,
				72B5A6C325FF822A376C4043 /* AppState.swift */,
				7F2AF50F39EF5A0F5350BB4E /* Persistence */,
			);
			path = Sources;
			sourceTree = "<group>";
		};
		FA1DB49D1DDCB405007F95C8 /* Xibs */ = {
			isa = PBXGroup;
			children = (
				FA1DB49E1DDCB417007F95C8 /* MainMenu.xib */,
			);
			path = Xibs;
			sourceTree = "<group>";
		};
		FA1DB4A41DDCB443007F95C8 /* Enums */ = {
			isa = PBXGroup;
			children = (
				FA1DB4A51DDCB443007F95C8 /* MenuType.swift */,
			);
			path = Enums;
			sourceTree = "<group>";
		};
		FA1DB4A71DDCB452007F95C8 /* Extensions */ = {
			isa = PBXGroup;
			children = (
				FAE911BA1DE054F1008A4BEC /* NSCoding+Archive.swift */,
				FAC0DCEE1DE3255E00309C49 /* NSImage+NSColor.swift */,
				FA1DB4A81DDCB452007F95C8 /* Array+Remove.swift */,
				FA1DB4A91DDCB452007F95C8 /* NSBundle+Version.swift */,
				FA1DB4AC1DDCB452007F95C8 /* NSImage+Resize.swift */,
				FA1DB4AD1DDCB452007F95C8 /* NSLock+Clipy.swift */,
				FA1DB4AE1DDCB452007F95C8 /* NSMenuItem+Initialize.swift */,
				FA1DB4AF1DDCB452007F95C8 /* NSUserDefaults+ArchiveData.swift */,
				FA1DB4B21DDCB452007F95C8 /* String+Substring.swift */,
				FA431F011E6718CE00ACFF56 /* Collection+Safe.swift */,
				C5F1B7321FF74A2D00D2DA83 /* NSPasteboard+Deprecated.swift */,
				81CCCB1216D45C8154A34671 /* NSColor+HexString.swift */,
			);
			path = Extensions;
			sourceTree = "<group>";
		};
		FA1DB4BE1DDCB460007F95C8 /* Managers */ = {
			isa = PBXGroup;
			children = (
				FA1DB4C31DDCB460007F95C8 /* MenuManager.swift */,
			);
			path = Managers;
			sourceTree = "<group>";
		};
		FA1DB4CB1DDCB479007F95C8 /* Models */ = {
			isa = PBXGroup;
			children = (
				FA1DB4CC1DDCB479007F95C8 /* CPYAppInfo.swift */,
				FA1DB4CE1DDCB479007F95C8 /* CPYClipData.swift */,
				FA1DB4CF1DDCB479007F95C8 /* CPYDraggedData.swift */,
				2C20F05E40BF5236C6921C69 /* ClipItem.swift */,
				3B248ABF1B0630C73C985042 /* FolderItem.swift */,
				CDB372BDEB31201AFFFDECD9 /* SnippetItem.swift */,
			);
			path = Models;
			sourceTree = "<group>";
		};
		FA1DB4D81DDCB49C007F95C8 /* Utility */ = {
			isa = PBXGroup;
			children = (
				FA1DB4D91DDCB49C007F95C8 /* CPYUtilities.swift */,
				DAFC0C8D6B406ACC2E87B61A /* MoveToApplications.swift */,
				98E900B0D613C02968713F2D /* ImageCache.swift */,
			);
			path = Utility;
			sourceTree = "<group>";
		};
		FA1DB4DB1DDCB49C007F95C8 /* Views */ = {
			isa = PBXGroup;
			children = (
				FA1DB4DF1DDCB49C007F95C8 /* SplitViews */,
				FA1DB4E11DDCB49C007F95C8 /* TableViewCell */,
				FA1DB4E31DDCB49C007F95C8 /* TextViews */,
			);
			path = Views;
			sourceTree = "<group>";
		};
		FA1DB4DF1DDCB49C007F95C8 /* SplitViews */ = {
			isa = PBXGroup;
			children = (
				FA1DB4E01DDCB49C007F95C8 /* CPYSplitView.swift */,
			);
			path = SplitViews;
			sourceTree = "<group>";
		};
		FA1DB4E11DDCB49C007F95C8 /* TableViewCell */ = {
			isa = PBXGroup;
			children = (
				FA1DB4E21DDCB49C007F95C8 /* CPYSnippetsEditorCell.swift */,
			);
			path = TableViewCell;
			sourceTree = "<group>";
		};
		FA1DB4E31DDCB49C007F95C8 /* TextViews */ = {
			isa = PBXGroup;
			children = (
				FA1DB4E41DDCB49C007F95C8 /* CPYPlaceHolderTextView.swift */,
			);
			path = TextViews;
			sourceTree = "<group>";
		};
		FA1DB4EC1DDCB4C0007F95C8 /* Preferences */ = {
			isa = PBXGroup;
			children = (
				AA87DB2AB3CE24EA8CE53BA3 /* SwiftUI */,
			);
			path = Preferences;
			sourceTree = "<group>";
		};
		FA1DB50C1DDCB4C0007F95C8 /* Snippets */ = {
			isa = PBXGroup;
			children = (
				FA1DB50D1DDCB4C0007F95C8 /* CPYSnippetsEditorWindowController.swift */,
				FA1DB50F1DDCB4C0007F95C8 /* CPYSnippetsEditorWindowController.xib */,
			);
			path = Snippets;
			sourceTree = "<group>";
		};
		FAC43DBD1B35D8B100C06102 = {
			isa = PBXGroup;
			children = (
				FAC43DC81B35D8B100C06102 /* Clipy */,
				FAC43DDB1B35D8B100C06102 /* ClipyTests */,
				FAC43DC71B35D8B100C06102 /* Products */,
			);
			sourceTree = "<group>";
		};
		FAC43DC71B35D8B100C06102 /* Products */ = {
			isa = PBXGroup;
			children = (
				FAC43DC61B35D8B100C06102 /* Clipy.app */,
				FAC43DD81B35D8B100C06102 /* ClipyTests.xctest */,
			);
			name = Products;
			sourceTree = "<group>";
		};
		FAC43DC81B35D8B100C06102 /* Clipy */ = {
			isa = PBXGroup;
			children = (
				FA06D2D21DD882BD002FB7C2 /* Resources */,
				FA1DB49D1DDCB405007F95C8 /* Xibs */,
				FA1DB49C1DDCB3FB007F95C8 /* Sources */,
				FA1DB4911DDCB205007F95C8 /* Supporting Files */,
				FA10897A20EC229300A3FEFC /* Generated */,
			);
			path = Clipy;
			sourceTree = "<group>";
		};
		FAC43DDB1B35D8B100C06102 /* ClipyTests */ = {
			isa = PBXGroup;
			children = (
				FAC43DDC1B35D8B100C06102 /* Supporting Files */,
				02BD19F9E0C7655744BD960C /* DraggedDataTests.swift */,
				BF20D2E420304411F7F69F1A /* FolderTests.swift */,
				B96EF8DB8AA8FB8AC5BF5AAF /* SnippetTests.swift */,
				FB16876D4CACE8FB825A2F16 /* HotKeyServiceTests.swift */,
			);
			path = ClipyTests;
			sourceTree = "<group>";
		};
		FAC43DDC1B35D8B100C06102 /* Supporting Files */ = {
			isa = PBXGroup;
			children = (
				FAC43DDD1B35D8B100C06102 /* Info.plist */,
			);
			name = "Supporting Files";
			sourceTree = "<group>";
		};
/* End PBXGroup section */

/* Begin PBXNativeTarget section */
		FAC43DC51B35D8B100C06102 /* Clipy */ = {
			isa = PBXNativeTarget;
			buildConfigurationList = FAC43DE21B35D8B100C06102 /* Build configuration list for PBXNativeTarget "Clipy" */;
			buildPhases = (
				FAC43DC21B35D8B100C06102 /* Sources */,
				FAC43DC31B35D8B100C06102 /* Frameworks */,
				FAC43DC41B35D8B100C06102 /* Resources */,
				FAC43E1D1B35DF4A00C06102 /* Embed Frameworks */,
			);
			buildRules = (
			);
			dependencies = (
			);
			name = Clipy;
			packageProductDependencies = (
				4F79CAAEDF0F9992E55DFDF4 /* Sparkle */,
				E1FDAE870E97789568CA7F52 /* Magnet */,
				F0238F15524B61B3738C1E09 /* KeyHolder */,
				0501CADD5B8A341F0805F64F /* Sauce */,
				3F28EAFCDBED1B63D8238354 /* RealmSwift */,
			);
			productName = Clipy;
			productReference = FAC43DC61B35D8B100C06102 /* Clipy.app */;
			productType = "com.apple.product-type.application";
		};
		FAC43DD71B35D8B100C06102 /* ClipyTests */ = {
			isa = PBXNativeTarget;
			buildConfigurationList = FAC43DE51B35D8B100C06102 /* Build configuration list for PBXNativeTarget "ClipyTests" */;
			buildPhases = (
				FAC43DD41B35D8B100C06102 /* Sources */,
				FAC43DD51B35D8B100C06102 /* Frameworks */,
				FAC43DD61B35D8B100C06102 /* Resources */,
			);
			buildRules = (
			);
			dependencies = (
				FAC43DDA1B35D8B100C06102 /* PBXTargetDependency */,
			);
			name = ClipyTests;
			productName = ClipyTests;
			productReference = FAC43DD81B35D8B100C06102 /* ClipyTests.xctest */;
			productType = "com.apple.product-type.bundle.unit-test";
		};
/* End PBXNativeTarget section */

/* Begin PBXProject section */
		FAC43DBE1B35D8B100C06102 /* Project object */ = {
			isa = PBXProject;
			attributes = {
				CLASSPREFIX = CPY;
				LastSwiftUpdateCheck = 0700;
				LastUpgradeCheck = 0930;
				ORGANIZATIONNAME = "Clipy Project";
				TargetAttributes = {
					FAC43DC51B35D8B100C06102 = {
						CreatedOnToolsVersion = 6.3.2;
						DevelopmentTeam = BBCHAJ584H;
						LastSwiftMigration = 0910;
					};
					FAC43DD71B35D8B100C06102 = {
						CreatedOnToolsVersion = 6.3.2;
						LastSwiftMigration = 0910;
						TestTargetID = FAC43DC51B35D8B100C06102;
					};
				};
			};
			buildConfigurationList = FAC43DC11B35D8B100C06102 /* Build configuration list for PBXProject "Clipy" */;
			compatibilityVersion = "Xcode 3.2";
			developmentRegion = English;
			hasScannedForEncodings = 0;
			knownRegions = (
				en,
				Base,
				ja,
				it,
				de,
				"zh-Hans",
			);
			mainGroup = FAC43DBD1B35D8B100C06102;
			packageReferences = (
				57591F0A03BA1ACB2F22942F /* XCRemoteSwiftPackageReference "Sparkle" */,
				2B9E9BC81B8A6AC186CC20DC /* XCRemoteSwiftPackageReference "Magnet" */,
				7B8636A2F05F5C0AE288DE19 /* XCRemoteSwiftPackageReference "KeyHolder" */,
				890B01002F667939A7E32EED /* XCRemoteSwiftPackageReference "Sauce" */,
				50A6E3B1B70C5765529C3285 /* XCRemoteSwiftPackageReference "realm-swift" */,
			);
			productRefGroup = FAC43DC71B35D8B100C06102 /* Products */;
			projectDirPath = "";
			projectRoot = "";
			targets = (
				FAC43DC51B35D8B100C06102 /* Clipy */,
				FAC43DD71B35D8B100C06102 /* ClipyTests */,
			);
		};
/* End PBXProject section */

/* Begin PBXResourcesBuildPhase section */
		FAC43DC41B35D8B100C06102 /* Resources */ = {
			isa = PBXResourcesBuildPhase;
			buildActionMask = 2147483647;
			files = (
				FA6DD5141C7DEDB600317E73 /* BuildFile in Resources */,
				FA1DB4901DDCA5D9007F95C8 /* Images.xcassets in Resources */,
				FA6DD5151C7DEDB600317E73 /* BuildFile in Resources */,
				FA1DB4941DDCB22C007F95C8 /* dsa_pub.pem in Resources */,
				FA1DB4981DDCB2CB007F95C8 /* Localizable.strings in Resources */,
				FA1DB49F1DDCB417007F95C8 /* MainMenu.xib in Resources */,
				FA1DB5221DDCB4C0007F95C8 /* CPYSnippetsEditorWindowController.xib in Resources */,
			);
			runOnlyForDeploymentPostprocessing = 0;
		};
		FAC43DD61B35D8B100C06102 /* Resources */ = {
			isa = PBXResourcesBuildPhase;
			buildActionMask = 2147483647;
			files = (
			);
			runOnlyForDeploymentPostprocessing = 0;
		};
/* End PBXResourcesBuildPhase section */

/* Begin PBXSourcesBuildPhase section */
		FAC43DC21B35D8B100C06102 /* Sources */ = {
			isa = PBXSourcesBuildPhase;
			buildActionMask = 2147483647;
			files = (
				FAC0DCEF1DE3255E00309C49 /* NSImage+NSColor.swift in Sources */,
				FA1DB4A61DDCB443007F95C8 /* MenuType.swift in Sources */,
				FA1DB4B31DDCB452007F95C8 /* Array+Remove.swift in Sources */,
				FAC0DCF11DE576F300309C49 /* PasteService.swift in Sources */,
				FA1DB4E51DDCB49C007F95C8 /* CPYUtilities.swift in Sources */,
				FA1DB4B81DDCB452007F95C8 /* NSLock+Clipy.swift in Sources */,
				FA1DB4BA1DDCB452007F95C8 /* NSUserDefaults+ArchiveData.swift in Sources */,
				FAA4BCCC2163DC9100FF5D18 /* AccessibilityService.swift in Sources */,
				FAC0DCE91DE15FD900309C49 /* DataCleanService.swift in Sources */,
				C5F1B7331FF74A2D00D2DA83 /* NSPasteboard+Deprecated.swift in Sources */,
				FA1DB4A31DDCB433007F95C8 /* Constants.swift in Sources */,
				FA1DB4B41DDCB452007F95C8 /* NSBundle+Version.swift in Sources */,
				FA1DB4A21DDCB433007F95C8 /* AppDelegate.swift in Sources */,
				FA1DB4B91DDCB452007F95C8 /* NSMenuItem+Initialize.swift in Sources */,
				FA0D5CE81DDCC61600AC9052 /* ClipService.swift in Sources */,
				FA1DB4C91DDCB460007F95C8 /* MenuManager.swift in Sources */,
				FA1DB4BD1DDCB452007F95C8 /* String+Substring.swift in Sources */,
				FA1189331E4CD58C00244F12 /* ExcludeAppService.swift in Sources */,
				FA1DB4E91DDCB49C007F95C8 /* CPYSplitView.swift in Sources */,
				FA1DB4D41DDCB479007F95C8 /* CPYClipData.swift in Sources */,
				FA1DB4B71DDCB452007F95C8 /* NSImage+Resize.swift in Sources */,
				FA1DB4D51DDCB479007F95C8 /* CPYDraggedData.swift in Sources */,
				FA1DB4EA1DDCB49C007F95C8 /* CPYSnippetsEditorCell.swift in Sources */,
				FA431F021E6718CE00ACFF56 /* Collection+Safe.swift in Sources */,
				FA10897D20EC22E200A3FEFC /* AssetsImages.swift in Sources */,
				FA10898320EC2AFB00A3FEFC /* Colors.swift in Sources */,
				FA1DB4D21DDCB479007F95C8 /* CPYAppInfo.swift in Sources */,
				FAE911B91DE045E2008A4BEC /* HotKeyService.swift in Sources */,
				FA1DB5201DDCB4C0007F95C8 /* CPYSnippetsEditorWindowController.swift in Sources */,
				FA10897E20EC22E200A3FEFC /* LocalizedStrings.swift in Sources */,
				FA1DB4EB1DDCB49C007F95C8 /* CPYPlaceHolderTextView.swift in Sources */,
				FAE911BB1DE054F1008A4BEC /* NSCoding+Archive.swift in Sources */,
				4F1B1ACCC9F1FD5AF1D11DE4 /* AppState.swift in Sources */,
				726D9BD76068630110B3CAAC /* ClipItem.swift in Sources */,
				8CAEAC8B70421C3B51E70CFF /* FolderItem.swift in Sources */,
				B81BFB24042080C76E5A013C /* SnippetItem.swift in Sources */,
				58EF3D29DE57F8695727D458 /* NSColor+HexString.swift in Sources */,
				BF9320336BB47A86A5B6BED8 /* MoveToApplications.swift in Sources */,
				98E55F41C5EEFE93EB3FE92D /* ImageCache.swift in Sources */,
				35E0FF4778064FF381EC852A /* ScreenshotObserver.swift in Sources */,
				165653C115BB7E9372E27764 /* PreferencesView.swift in Sources */,
				9A099B9BCB5F7B5C8F56FA1B /* PreferencesWindowController.swift in Sources */,
				B0C2FB27844F4011CB6B9F25 /* GeneralPreferenceView.swift in Sources */,
				6B58496FB362A37728B27316 /* MenuPreferenceView.swift in Sources */,
				6C12D6580AE73A270AC97992 /* ShortcutsPreferenceView.swift in Sources */,
				F3A278B3D275C3EC0F91AAE1 /* TypePreferenceView.swift in Sources */,
				51E29923C733E072F3D584E3 /* ExcludeAppPreferenceView.swift in Sources */,
				A59ED4F9C0390AAAFB08654E /* UpdatesPreferenceView.swift in Sources */,
				29CE656ED6FB6D8E6DB42969 /* BetaPreferenceView.swift in Sources */,
				9A60AFB5D86E9C908489A4EB /* PersistenceController.swift in Sources */,
				CA4A5B0573D0FD0E55E4B7E7 /* RealmMigrator.swift in Sources */,
			);
			runOnlyForDeploymentPostprocessing = 0;
		};
		FAC43DD41B35D8B100C06102 /* Sources */ = {
			isa = PBXSourcesBuildPhase;
			buildActionMask = 2147483647;
			files = (
				A2A29F1B53619D4F98FDC0E0 /* DraggedDataTests.swift in Sources */,
				12A15C5C6FFAC0EE6FEDAB39 /* FolderTests.swift in Sources */,
				A13DC681919151492A3687FF /* SnippetTests.swift in Sources */,
				371B43750194D4423540105D /* HotKeyServiceTests.swift in Sources */,
			);
			runOnlyForDeploymentPostprocessing = 0;
		};
/* End PBXSourcesBuildPhase section */

/* Begin PBXTargetDependency section */
		FAC43DDA1B35D8B100C06102 /* PBXTargetDependency */ = {
			isa = PBXTargetDependency;
			target = FAC43DC51B35D8B100C06102 /* Clipy */;
			targetProxy = FAC43DD91B35D8B100C06102 /* PBXContainerItemProxy */;
		};
/* End PBXTargetDependency section */

/* Begin PBXVariantGroup section */
		FA1DB4961DDCB2CB007F95C8 /* Localizable.strings */ = {
			isa = PBXVariantGroup;
			children = (
				FA1DB4971DDCB2CB007F95C8 /* en */,
				FA1DB4991DDCB2D0007F95C8 /* ja */,
				31ACA9F91EC5B85C00BD34C0 /* it */,
				8460049F1FD5511A00BA733E /* de */,
				54ADE1032008F64100239852 /* zh-Hans */,
			);
			name = Localizable.strings;
			sourceTree = "<group>";
		};
		FA1DB50F1DDCB4C0007F95C8 /* CPYSnippetsEditorWindowController.xib */ = {
			isa = PBXVariantGroup;
			children = (
				314B299D1EC49AD5004DD070 /* Base */,
				314B299E1EC49AEF004DD070 /* ja */,
				31ACA9F81EC5B85C00BD34C0 /* it */,
				8460049E1FD5511A00BA733E /* de */,
				54ADE1022008F64100239852 /* zh-Hans */,
			);
			name = CPYSnippetsEditorWindowController.xib;
			sourceTree = "<group>";
		};
/* End PBXVariantGroup section */

/* Begin XCBuildConfiguration section */
		FAC43DE01B35D8B100C06102 /* Debug */ = {
			isa = XCBuildConfiguration;
			buildSettings = {
				ALWAYS_SEARCH_USER_PATHS = NO;
				CLANG_ANALYZER_LOCALIZABILITY_NONLOCALIZED = YES;
				CLANG_CXX_LANGUAGE_STANDARD = "gnu++0x";
				CLANG_CXX_LIBRARY = "libc++";
				CLANG_ENABLE_MODULES = YES;
				CLANG_ENABLE_OBJC_ARC = YES;
				CLANG_WARN_BLOCK_CAPTURE_AUTORELEASING = YES;
				CLANG_WARN_BOOL_CONVERSION = YES;
				CLANG_WARN_COMMA = YES;
				CLANG_WARN_CONSTANT_CONVERSION = YES;
				CLANG_WARN_DEPRECATED_OBJC_IMPLEMENTATIONS = YES;
				CLANG_WARN_DIRECT_OBJC_ISA_USAGE = YES_ERROR;
				CLANG_WARN_EMPTY_BODY = YES;
				CLANG_WARN_ENUM_CONVERSION = YES;
				CLANG_WARN_INFINITE_RECURSION = YES;
				CLANG_WARN_INT_CONVERSION = YES;
				CLANG_WARN_NON_LITERAL_NULL_CONVERSION = YES;
				CLANG_WARN_OBJC_IMPLICIT_RETAIN_SELF = YES;
				CLANG_WARN_OBJC_LITERAL_CONVERSION = YES;
				CLANG_WARN_OBJC_ROOT_CLASS = YES_ERROR;
				CLANG_WARN_RANGE_LOOP_ANALYSIS = YES;
				CLANG_WARN_STRICT_PROTOTYPES = YES;
				CLANG_WARN_SUSPICIOUS_MOVE = YES;
				CLANG_WARN_UNREACHABLE_CODE = YES;
				CLANG_WARN__DUPLICATE_METHOD_MATCH = YES;
				CODE_SIGN_IDENTITY = "-";
				COPY_PHASE_STRIP = NO;
				DEBUG_INFORMATION_FORMAT = dwarf;
				ENABLE_STRICT_OBJC_MSGSEND = YES;
				ENABLE_TESTABILITY = YES;
				GCC_C_LANGUAGE_STANDARD = gnu99;
				GCC_DYNAMIC_NO_PIC = NO;
				GCC_NO_COMMON_BLOCKS = YES;
				GCC_OPTIMIZATION_LEVEL = 0;
				GCC_PREPROCESSOR_DEFINITIONS = (
					"DEBUG=1",
					"$(inherited)",
				);
				GCC_SYMBOLS_PRIVATE_EXTERN = NO;
				GCC_WARN_64_TO_32_BIT_CONVERSION = YES;
				GCC_WARN_ABOUT_RETURN_TYPE = YES_ERROR;
				GCC_WARN_UNDECLARED_SELECTOR = YES;
				GCC_WARN_UNINITIALIZED_AUTOS = YES_AGGRESSIVE;
				GCC_WARN_UNUSED_FUNCTION = YES;
				GCC_WARN_UNUSED_VARIABLE = YES;
				MACOSX_DEPLOYMENT_TARGET = 15.0;
				MTL_ENABLE_DEBUG_INFO = YES;
				ONLY_ACTIVE_ARCH = YES;
				OTHER_SWIFT_FLAGS = "-D DEBUG";
				SDKROOT = macosx;
				SWIFT_OPTIMIZATION_LEVEL = "-Onone";
				SWIFT_VERSION = 5.0;
			};
			name = Debug;
		};
		FAC43DE11B35D8B100C06102 /* Release */ = {
			isa = XCBuildConfiguration;
			buildSettings = {
				ALWAYS_SEARCH_USER_PATHS = NO;
				CLANG_ANALYZER_LOCALIZABILITY_NONLOCALIZED = YES;
				CLANG_CXX_LANGUAGE_STANDARD = "gnu++0x";
				CLANG_CXX_LIBRARY = "libc++";
				CLANG_ENABLE_MODULES = YES;
				CLANG_ENABLE_OBJC_ARC = YES;
				CLANG_WARN_BLOCK_CAPTURE_AUTORELEASING = YES;
				CLANG_WARN_BOOL_CONVERSION = YES;
				CLANG_WARN_COMMA = YES;
				CLANG_WARN_CONSTANT_CONVERSION = YES;
				CLANG_WARN_DEPRECATED_OBJC_IMPLEMENTATIONS = YES;
				CLANG_WARN_DIRECT_OBJC_ISA_USAGE = YES_ERROR;
				CLANG_WARN_EMPTY_BODY = YES;
				CLANG_WARN_ENUM_CONVERSION = YES;
				CLANG_WARN_INFINITE_RECURSION = YES;
				CLANG_WARN_INT_CONVERSION = YES;
				CLANG_WARN_NON_LITERAL_NULL_CONVERSION = YES;
				CLANG_WARN_OBJC_IMPLICIT_RETAIN_SELF = YES;
				CLANG_WARN_OBJC_LITERAL_CONVERSION = YES;
				CLANG_WARN_OBJC_ROOT_CLASS = YES_ERROR;
				CLANG_WARN_RANGE_LOOP_ANALYSIS = YES;
				CLANG_WARN_STRICT_PROTOTYPES = YES;
				CLANG_WARN_SUSPICIOUS_MOVE = YES;
				CLANG_WARN_UNREACHABLE_CODE = YES;
				CLANG_WARN__DUPLICATE_METHOD_MATCH = YES;
				CODE_SIGN_IDENTITY = "-";
				COPY_PHASE_STRIP = NO;
				DEBUG_INFORMATION_FORMAT = "dwarf-with-dsym";
				ENABLE_NS_ASSERTIONS = NO;
				ENABLE_STRICT_OBJC_MSGSEND = YES;
				GCC_C_LANGUAGE_STANDARD = gnu99;
				GCC_NO_COMMON_BLOCKS = YES;
				GCC_WARN_64_TO_32_BIT_CONVERSION = YES;
				GCC_WARN_ABOUT_RETURN_TYPE = YES_ERROR;
				GCC_WARN_UNDECLARED_SELECTOR = YES;
				GCC_WARN_UNINITIALIZED_AUTOS = YES_AGGRESSIVE;
				GCC_WARN_UNUSED_FUNCTION = YES;
				GCC_WARN_UNUSED_VARIABLE = YES;
				MACOSX_DEPLOYMENT_TARGET = 15.0;
				MTL_ENABLE_DEBUG_INFO = NO;
				OTHER_SWIFT_FLAGS = "-D RELEASE";
				SDKROOT = macosx;
				SWIFT_OPTIMIZATION_LEVEL = "-Owholemodule";
				SWIFT_VERSION = 5.0;
			};
			name = Release;
		};
		FAC43DE31B35D8B100C06102 /* Debug */ = {
			isa = XCBuildConfiguration;
			buildSettings = {
				ALWAYS_EMBED_SWIFT_STANDARD_LIBRARIES = YES;
				ARCHS = arm64;
				ASSETCATALOG_COMPILER_APPICON_NAME = AppIcon;
				CLANG_ENABLE_MODULES = YES;
				CODE_SIGN_IDENTITY = "";
				COMBINE_HIDPI_IMAGES = YES;
				FRAMEWORK_SEARCH_PATHS = (
					"$(inherited)",
					"$(PROJECT_DIR)",
				);
				INFOPLIST_FILE = "Clipy/Supporting Files/Info.plist";
				LD_RUNPATH_SEARCH_PATHS = "$(inherited) @executable_path/../Frameworks";
				MACOSX_DEPLOYMENT_TARGET = 15.0;
				PRODUCT_BUNDLE_IDENTIFIER = "com.clipy-app.Clipy.debug";
				PRODUCT_NAME = "$(TARGET_NAME)";
				PROVISIONING_PROFILE = "";
				SWIFT_OBJC_BRIDGING_HEADER = "";
				SWIFT_OPTIMIZATION_LEVEL = "-Onone";
				SWIFT_SWIFT3_OBJC_INFERENCE = Default;
				SWIFT_VERSION = 5.0;
			};
			name = Debug;
		};
		FAC43DE41B35D8B100C06102 /* Release */ = {
			isa = XCBuildConfiguration;
			buildSettings = {
				ALWAYS_EMBED_SWIFT_STANDARD_LIBRARIES = YES;
				ARCHS = arm64;
				ASSETCATALOG_COMPILER_APPICON_NAME = AppIcon;
				CLANG_ENABLE_MODULES = YES;
				CODE_SIGN_IDENTITY = "";
				COMBINE_HIDPI_IMAGES = YES;
				DEVELOPMENT_TEAM = "";
				FRAMEWORK_SEARCH_PATHS = (
					"$(inherited)",
					"$(PROJECT_DIR)",
				);
				INFOPLIST_FILE = "Clipy/Supporting Files/Info.plist";
				LD_RUNPATH_SEARCH_PATHS = "$(inherited) @executable_path/../Frameworks";
				MACOSX_DEPLOYMENT_TARGET = 15.0;
				PRODUCT_BUNDLE_IDENTIFIER = "com.clipy-app.Clipy";
				PRODUCT_NAME = "$(TARGET_NAME)";
				PROVISIONING_PROFILE = "";
				PROVISIONING_PROFILE_SPECIFIER = "";
				SWIFT_OBJC_BRIDGING_HEADER = "";
				SWIFT_SWIFT3_OBJC_INFERENCE = Default;
				SWIFT_VERSION = 5.0;
			};
			name = Release;
		};
		FAC43DE61B35D8B100C06102 /* Debug */ = {
			isa = XCBuildConfiguration;
			buildSettings = {
				ALWAYS_EMBED_SWIFT_STANDARD_LIBRARIES = YES;
				ARCHS = arm64;
				BUNDLE_LOADER = "$(TEST_HOST)";
				COMBINE_HIDPI_IMAGES = YES;
				FRAMEWORK_SEARCH_PATHS = (
					"$(DEVELOPER_FRAMEWORKS_DIR)",
					"$(inherited)",
				);
				GCC_PREPROCESSOR_DEFINITIONS = (
					"DEBUG=1",
					"$(inherited)",
				);
				INFOPLIST_FILE = ClipyTests/Info.plist;
				LD_RUNPATH_SEARCH_PATHS = "$(inherited) @executable_path/../Frameworks @loader_path/../Frameworks";
				MACOSX_DEPLOYMENT_TARGET = 15.0;
				PRODUCT_BUNDLE_IDENTIFIER = "com.clipyapp.$(PRODUCT_NAME:rfc1034identifier)";
				PRODUCT_NAME = "$(TARGET_NAME)";
				SWIFT_SWIFT3_OBJC_INFERENCE = Default;
				SWIFT_VERSION = 5.0;
				TEST_HOST = "$(BUILT_PRODUCTS_DIR)/Clipy.app/Contents/MacOS/Clipy";
			};
			name = Debug;
		};
		FAC43DE71B35D8B100C06102 /* Release */ = {
			isa = XCBuildConfiguration;
			buildSettings = {
				ALWAYS_EMBED_SWIFT_STANDARD_LIBRARIES = YES;
				ARCHS = arm64;
				BUNDLE_LOADER = "$(TEST_HOST)";
				COMBINE_HIDPI_IMAGES = YES;
				FRAMEWORK_SEARCH_PATHS = (
					"$(DEVELOPER_FRAMEWORKS_DIR)",
					"$(inherited)",
				);
				INFOPLIST_FILE = ClipyTests/Info.plist;
				LD_RUNPATH_SEARCH_PATHS = "$(inherited) @executable_path/../Frameworks @loader_path/../Frameworks";
				MACOSX_DEPLOYMENT_TARGET = 15.0;
				PRODUCT_BUNDLE_IDENTIFIER = "com.clipyapp.$(PRODUCT_NAME:rfc1034identifier)";
				PRODUCT_NAME = "$(TARGET_NAME)";
				SWIFT_SWIFT3_OBJC_INFERENCE = Default;
				SWIFT_VERSION = 5.0;
				TEST_HOST = "$(BUILT_PRODUCTS_DIR)/Clipy.app/Contents/MacOS/Clipy";
			};
			name = Release;
		};
/* End XCBuildConfiguration section */

/* Begin XCConfigurationList section */
		FAC43DC11B35D8B100C06102 /* Build configuration list for PBXProject "Clipy" */ = {
			isa = XCConfigurationList;
			buildConfigurations = (
				FAC43DE01B35D8B100C06102 /* Debug */,
				FAC43DE11B35D8B100C06102 /* Release */,
			);
			defaultConfigurationIsVisible = 0;
			defaultConfigurationName = Release;
		};
		FAC43DE21B35D8B100C06102 /* Build configuration list for PBXNativeTarget "Clipy" */ = {
			isa = XCConfigurationList;
			buildConfigurations = (
				FAC43DE31B35D8B100C06102 /* Debug */,
				FAC43DE41B35D8B100C06102 /* Release */,
			);
			defaultConfigurationIsVisible = 0;
			defaultConfigurationName = Release;
		};
		FAC43DE51B35D8B100C06102 /* Build configuration list for PBXNativeTarget "ClipyTests" */ = {
			isa = XCConfigurationList;
			buildConfigurations = (
				FAC43DE61B35D8B100C06102 /* Debug */,
				FAC43DE71B35D8B100C06102 /* Release */,
			);
			defaultConfigurationIsVisible = 0;
			defaultConfigurationName = Release;
		};
/* End XCConfigurationList section */

/* Begin XCRemoteSwiftPackageReference section */
		2B9E9BC81B8A6AC186CC20DC /* XCRemoteSwiftPackageReference "Magnet" */ = {
			isa = XCRemoteSwiftPackageReference;
			repositoryURL = "https://github.com/Clipy/Magnet";
			requirement = {
				kind = upToNextMajorVersion;
				minimumVersion = 3.0.0;
			};
		};
		50A6E3B1B70C5765529C3285 /* XCRemoteSwiftPackageReference "realm-swift" */ = {
			isa = XCRemoteSwiftPackageReference;
			repositoryURL = "https://github.com/realm/realm-swift";
			requirement = {
				kind = upToNextMajorVersion;
				minimumVersion = 10.0.0;
			};
		};
		57591F0A03BA1ACB2F22942F /* XCRemoteSwiftPackageReference "Sparkle" */ = {
			isa = XCRemoteSwiftPackageReference;
			repositoryURL = "https://github.com/sparkle-project/Sparkle";
			requirement = {
				kind = upToNextMajorVersion;
				minimumVersion = 2.0.0;
			};
		};
		7B8636A2F05F5C0AE288DE19 /* XCRemoteSwiftPackageReference "KeyHolder" */ = {
			isa = XCRemoteSwiftPackageReference;
			repositoryURL = "https://github.com/Clipy/KeyHolder";
			requirement = {
				kind = upToNextMajorVersion;
				minimumVersion = 4.0.0;
			};
		};
		890B01002F667939A7E32EED /* XCRemoteSwiftPackageReference "Sauce" */ = {
			isa = XCRemoteSwiftPackageReference;
			repositoryURL = "https://github.com/Clipy/Sauce";
			requirement = {
				kind = upToNextMajorVersion;
				minimumVersion = 2.0.0;
			};
		};
/* End XCRemoteSwiftPackageReference section */

/* Begin XCSwiftPackageProductDependency section */
		0501CADD5B8A341F0805F64F /* Sauce */ = {
			isa = XCSwiftPackageProductDependency;
			package = 890B01002F667939A7E32EED /* XCRemoteSwiftPackageReference "Sauce" */;
			productName = Sauce;
		};
		3F28EAFCDBED1B63D8238354 /* RealmSwift */ = {
			isa = XCSwiftPackageProductDependency;
			package = 50A6E3B1B70C5765529C3285 /* XCRemoteSwiftPackageReference "realm-swift" */;
			productName = RealmSwift;
		};
		4F79CAAEDF0F9992E55DFDF4 /* Sparkle */ = {
			isa = XCSwiftPackageProductDependency;
			package = 57591F0A03BA1ACB2F22942F /* XCRemoteSwiftPackageReference "Sparkle" */;
			productName = Sparkle;
		};
		E1FDAE870E97789568CA7F52 /* Magnet */ = {
			isa = XCSwiftPackageProductDependency;
			package = 2B9E9BC81B8A6AC186CC20DC /* XCRemoteSwiftPackageReference "Magnet" */;
			productName = Magnet;
		};
		F0238F15524B61B3738C1E09 /* KeyHolder */ = {
			isa = XCSwiftPackageProductDependency;
			package = 7B8636A2F05F5C0AE288DE19 /* XCRemoteSwiftPackageReference "KeyHolder" */;
			productName = KeyHolder;
		};
/* End XCSwiftPackageProductDependency section */
	};
	rootObject = FAC43DBE1B35D8B100C06102 /* Project object */;
}
